
Microsoft Visual Studio Solution File, Format Version 12.00
# Visual Studio Version 16
VisualStudioVersion = 16.0.31515.178
MinimumVisualStudioVersion = 10.0.40219.1
Project("{FAE04EC0-301F-11D3-BF4B-00C04F79EFBC}") = "Tutorial1", "Tutorial1\Tutorial1.csproj", "{D04511AE-F69D-4BF6-BA14-674636A49E31}"
EndProject
Global
	GlobalSection(SolutionConfigurationPlatforms) = preSolution
		Debug|Any CPU = Debug|Any CPU
		Release|Any CPU = Release|Any CPU
	EndGlobalSection
	GlobalSection(ProjectConfigurationPlatforms) = postSolution
		{D04511AE-F69D-4BF6-BA14-674636A49E31}.Debug|Any CPU.ActiveCfg = Debug|Any CPU
		{D04511AE-F69D-4BF6-BA14-674636A49E31}.Debug|Any CPU.Build.0 = Debug|Any CPU
		{D04511AE-F69D-4BF6-BA14-674636A49E31}.Release|Any CPU.ActiveCfg = Release|Any CPU
		{D04511AE-F69D-4BF6-BA14-674636A49E31}.Release|Any CPU.Build.0 = Release|Any CPU
	EndGlobalSection
	GlobalSection(SolutionProperties) = preSolution
		HideSolutionNode = FALSE
	EndGlobalSection
	GlobalSection(ExtensibilityGlobals) = postSolution
		SolutionGuid = {A3049B93-9285-4FBE-882E-B83D9CC6F54E}
	EndGlobalSection
EndGlobal
